dependencies:
- name: postgresql
  repository: https://charts.bitnami.com/bitnami
  version: 16.5.6
- name: redis
  repository: https://charts.bitnami.com/bitnami
  version: 20.11.4
digest: sha256:25a3516d892a6e4b4b01e5d0a831ebc1bf2b846ed33d99c1079a3ac812f7e53f
generated: "2025-03-28T02:08:40.49351175+01:00"
